
Microsoft Visual Studio Solution File, Format Version 12.00
# Visual Studio 2013
VisualStudioVersion = 12.0.31101.0
MinimumVisualStudioVersion = 10.0.40219.1
Project("{CC5FD16D-436D-48AD-A40C-5A424C6E3E79}") = "DataFeeds", "DataFeeds\DataFeeds.ccproj", "{43DAD40E-6AEB-4A21-B114-1155A3793DAA}"
EndProject
Project("{FAE04EC0-301F-11D3-BF4B-00C04F79EFBC}") = "DataFeedsService", "DataFeedsService\DataFeedsService.csproj", "{4BBE0A22-ABF6-481E-8413-5B3BD8A5E918}"
EndProject
Global
	GlobalSection(SolutionConfigurationPlatforms) = preSolution
		Debug|Any CPU = Debug|Any CPU
		Release|Any CPU = Release|Any CPU
	EndGlobalSection
	GlobalSection(ProjectConfigurationPlatforms) = postSolution
		{43DAD40E-6AEB-4A21-B114-1155A3793DAA}.Debug|Any CPU.ActiveCfg = Debug|Any CPU
		{43DAD40E-6AEB-4A21-B114-1155A3793DAA}.Debug|Any CPU.Build.0 = Debug|Any CPU
		{43DAD40E-6AEB-4A21-B114-1155A3793DAA}.Release|Any CPU.ActiveCfg = Release|Any CPU
		{43DAD40E-6AEB-4A21-B114-1155A3793DAA}.Release|Any CPU.Build.0 = Release|Any CPU
		{4BBE0A22-ABF6-481E-8413-5B3BD8A5E918}.Debug|Any CPU.ActiveCfg = Debug|Any CPU
		{4BBE0A22-ABF6-481E-8413-5B3BD8A5E918}.Debug|Any CPU.Build.0 = Debug|Any CPU
		{4BBE0A22-ABF6-481E-8413-5B3BD8A5E918}.Release|Any CPU.ActiveCfg = Release|Any CPU
		{4BBE0A22-ABF6-481E-8413-5B3BD8A5E918}.Release|Any CPU.Build.0 = Release|Any CPU
	EndGlobalSection
	GlobalSection(SolutionProperties) = preSolution
		HideSolutionNode = FALSE
	EndGlobalSection
EndGlobal
